
Microsoft Visual Studio Solution File, Format Version 12.00
# Visual Studio Version 16
VisualStudioVersion = 16.0.31205.134
MinimumVisualStudioVersion = 10.0.40219.1
Project("{9A19103F-16F7-4668-BE54-9A1E7A4F7556}") = "MarvelAPI", "MarvelAPI\MarvelAPI.csproj", "{C1E16DBB-372A-4B2C-9C35-0D9C5AEDC5A7}"
EndProject
Project("{9A19103F-16F7-4668-BE54-9A1E7A4F7556}") = "MarvelAPI.Test", "MarvelAPI.Test\MarvelAPI.Test.csproj", "{DC08D7E5-7F94-4A2C-8EF3-222EACF31CA7}"
EndProject
Project("{2150E333-8FDC-42A3-9474-1A3956D46DE8}") = ".nuget", ".nuget", "{06EE0C15-4F7A-42E1-84CB-26597A94C310}"
	ProjectSection(SolutionItems) = preProject
		.nuget\NuGet.Config = .nuget\NuGet.Config
		.nuget\NuGet.exe = .nuget\NuGet.exe
		.nuget\NuGet.targets = .nuget\NuGet.targets
	EndProjectSection
EndProject
Project("{2150E333-8FDC-42A3-9474-1A3956D46DE8}") = "Solution Items", "Solution Items", "{09D9A05E-25D4-4347-BE0A-4B800D7DEFEE}"
	ProjectSection(SolutionItems) = preProject
		WebEssentials-Settings.json = WebEssentials-Settings.json
	EndProjectSection
EndProject
Project("{9A19103F-16F7-4668-BE54-9A1E7A4F7556}") = "MarvelAPI.ConsoleTester", "MarvelAPI.ConsoleTester\MarvelAPI.ConsoleTester.csproj", "{E7D00A9A-4223-4FC6-A8FB-FD3DDCBE07A3}"
EndProject
Global
	GlobalSection(SolutionConfigurationPlatforms) = preSolution
		Debug|Any CPU = Debug|Any CPU
		Release|Any CPU = Release|Any CPU
	EndGlobalSection
	GlobalSection(ProjectConfigurationPlatforms) = postSolution
		{C1E16DBB-372A-4B2C-9C35-0D9C5AEDC5A7}.Debug|Any CPU.ActiveCfg = Debug|Any CPU
		{C1E16DBB-372A-4B2C-9C35-0D9C5AEDC5A7}.Debug|Any CPU.Build.0 = Debug|Any CPU
		{C1E16DBB-372A-4B2C-9C35-0D9C5AEDC5A7}.Release|Any CPU.ActiveCfg = Release|Any CPU
		{C1E16DBB-372A-4B2C-9C35-0D9C5AEDC5A7}.Release|Any CPU.Build.0 = Release|Any CPU
		{DC08D7E5-7F94-4A2C-8EF3-222EACF31CA7}.Debug|Any CPU.ActiveCfg = Debug|Any CPU
		{DC08D7E5-7F94-4A2C-8EF3-222EACF31CA7}.Debug|Any CPU.Build.0 = Debug|Any CPU
		{DC08D7E5-7F94-4A2C-8EF3-222EACF31CA7}.Release|Any CPU.ActiveCfg = Release|Any CPU
		{DC08D7E5-7F94-4A2C-8EF3-222EACF31CA7}.Release|Any CPU.Build.0 = Release|Any CPU
		{E7D00A9A-4223-4FC6-A8FB-FD3DDCBE07A3}.Debug|Any CPU.ActiveCfg = Debug|Any CPU
		{E7D00A9A-4223-4FC6-A8FB-FD3DDCBE07A3}.Debug|Any CPU.Build.0 = Debug|Any CPU
		{E7D00A9A-4223-4FC6-A8FB-FD3DDCBE07A3}.Release|Any CPU.ActiveCfg = Release|Any CPU
		{E7D00A9A-4223-4FC6-A8FB-FD3DDCBE07A3}.Release|Any CPU.Build.0 = Release|Any CPU
	EndGlobalSection
	GlobalSection(SolutionProperties) = preSolution
		HideSolutionNode = FALSE
	EndGlobalSection
	GlobalSection(ExtensibilityGlobals) = postSolution
		SolutionGuid = {B2A5FE8E-E14D-4FE6-BF56-CCF609C662D3}
	EndGlobalSection
EndGlobal
